
Microsoft Visual Studio Solution File, Format Version 12.00
# Visual Studio Version 17
VisualStudioVersion = 17.4.33213.308
MinimumVisualStudioVersion = 10.0.40219.1
Project("{9A19103F-16F7-4668-BE54-9A1E7A4F7556}") = "NajotBooking.Web", "NajotBooking.Web\NajotBooking.Web.csproj", "{971F3AD1-5ED3-4E85-B7B0-296AE58EACD1}"
EndProject
Global
	GlobalSection(SolutionConfigurationPlatforms) = preSolution
		Debug|Any CPU = Debug|Any CPU
		Release|Any CPU = Release|Any CPU
	EndGlobalSection
	GlobalSection(ProjectConfigurationPlatforms) = postSolution
		{971F3AD1-5ED3-4E85-B7B0-296AE58EACD1}.Debug|Any CPU.ActiveCfg = Debug|Any CPU
		{971F3AD1-5ED3-4E85-B7B0-296AE58EACD1}.Debug|Any CPU.Build.0 = Debug|Any CPU
		{971F3AD1-5ED3-4E85-B7B0-296AE58EACD1}.Release|Any CPU.ActiveCfg = Release|Any CPU
		{971F3AD1-5ED3-4E85-B7B0-296AE58EACD1}.Release|Any CPU.Build.0 = Release|Any CPU
	EndGlobalSection
	GlobalSection(SolutionProperties) = preSolution
		HideSolutionNode = FALSE
	EndGlobalSection
	GlobalSection(ExtensibilityGlobals) = postSolution
		SolutionGuid = {52E5057C-640F-4A80-A38E-DF1A41448611}
	EndGlobalSection
EndGlobal
